
Microsoft Visual Studio Solution File, Format Version 12.00
# Visual Studio Version 17
VisualStudioVersion = 17.5.002.0
MinimumVisualStudioVersion = 10.0.40219.1
Project("{9A19103F-16F7-4668-BE54-9A1E7A4F7556}") = "code", "code.csproj", "{7889EE93-2670-4721-BF83-B01C8261F936}"
EndProject
Global
	GlobalSection(SolutionConfigurationPlatforms) = preSolution
		Debug|Any CPU = Debug|Any CPU
		Release|Any CPU = Release|Any CPU
	EndGlobalSection
	GlobalSection(ProjectConfigurationPlatforms) = postSolution
		{7889EE93-2670-4721-BF83-B01C8261F936}.Debug|Any CPU.ActiveCfg = Debug|Any CPU
		{7889EE93-2670-4721-BF83-B01C8261F936}.Debug|Any CPU.Build.0 = Debug|Any CPU
		{7889EE93-2670-4721-BF83-B01C8261F936}.Release|Any CPU.ActiveCfg = Release|Any CPU
		{7889EE93-2670-4721-BF83-B01C8261F936}.Release|Any CPU.Build.0 = Release|Any CPU
	EndGlobalSection
	GlobalSection(SolutionProperties) = preSolution
		HideSolutionNode = FALSE
	EndGlobalSection
	GlobalSection(ExtensibilityGlobals) = postSolution
		SolutionGuid = {0C0BE82B-A9A2-466E-944D-C8C64610E6EC}
	EndGlobalSection
EndGlobal
